// !$*UTF8*$!
{
	archiveVersion = 1;
	classes = {
	};
	objectVersion = 50;
	objects = {

/* Begin PBXBuildFile section */
		46E8993525D9F157000C0783 /* SwiftUIBasicsApp.swift in Sources */ = {isa = PBXBuildFile; fileRef = 46E8993425D9F157000C0783 /* SwiftUIBasicsApp.swift */; };
		46E8993725D9F157000C0783 /* ContentView.swift in Sources */ = {isa = PBXBuildFile; fileRef = 46E8993625D9F157000C0783 /* ContentView.swift */; };
		46E8993925D9F158000C0783 /* Assets.xcassets in Resources */ = {isa = PBXBuildFile; fileRef = 46E8993825D9F158000C0783 /* Assets.xcassets */; };
		46E8993C25D9F158000C0783 /* Preview Assets.xcassets in Resources */ = {isa = PBXBuildFile; fileRef = 46E8993B25D9F158000C0783 /* Preview Assets.xcassets */; };
		46E8994625D9F1FA000C0783 /* LICENSE.txt in Resources */ = {isa = PBXBuildFile; fileRef = 46E8994425D9F1FA000C0783 /* LICENSE.txt */; };
		46E8994725D9F1FA000C0783 /* README.md in Resources */ = {isa = PBXBuildFile; fileRef = 46E8994525D9F1FA000C0783 /* README.md */; };
		46E8994B25D9F5D3000C0783 /* MyChartView.swift in Sources */ = {isa = PBXBuildFile; fileRef = 46E8994A25D9F5D3000C0783 /* MyChartView.swift */; };
		46E8996D25D9F73B000C0783 /* ViewLayoutScrollHorizontal.swift in Sources */ = {isa = PBXBuildFile; fileRef = 46E8995025D9F73B000C0783 /* ViewLayoutScrollHorizontal.swift */; };
		46E8996E25D9F73B000C0783 /* ViewLayoutVStack.swift in Sources */ = {isa = PBXBuildFile; fileRef = 46E8995125D9F73B000C0783 /* ViewLayoutVStack.swift */; };
		46E8996F25D9F73B000C0783 /* ViewLayoutList.swift in Sources */ = {isa = PBXBuildFile; fileRef = 46E8995225D9F73B000C0783 /* ViewLayoutList.swift */; };
		46E8997025D9F73B000C0783 /* ViewLayoutHStack.swift in Sources */ = {isa = PBXBuildFile; fileRef = 46E8995325D9F73B000C0783 /* ViewLayoutHStack.swift */; };
		46E8997125D9F73B000C0783 /* ViewLayoutScrollVertical.swift in Sources */ = {isa = PBXBuildFile; fileRef = 46E8995425D9F73B000C0783 /* ViewLayoutScrollVertical.swift */; };
		46E8997225D9F73B000C0783 /* ViewLayoutGroup.swift in Sources */ = {isa = PBXBuildFile; fileRef = 46E8995525D9F73B000C0783 /* ViewLayoutGroup.swift */; };
		46E8997325D9F73B000C0783 /* ViewLayoutZStackIgnore.swift in Sources */ = {isa = PBXBuildFile; fileRef = 46E8995625D9F73B000C0783 /* ViewLayoutZStackIgnore.swift */; };
		46E8997425D9F73B000C0783 /* ViewLayoutHStackSpacer.swift in Sources */ = {isa = PBXBuildFile; fileRef = 46E8995725D9F73B000C0783 /* ViewLayoutHStackSpacer.swift */; };
		46E8997525D9F73B000C0783 /* ViewLayoutForEach.swift in Sources */ = {isa = PBXBuildFile; fileRef = 46E8995825D9F73B000C0783 /* ViewLayoutForEach.swift */; };
		46E8997625D9F73B000C0783 /* ViewLayoutZStack.swift in Sources */ = {isa = PBXBuildFile; fileRef = 46E8995925D9F73B000C0783 /* ViewLayoutZStack.swift */; };
		46E8997725D9F73B000C0783 /* ViewLayoutZStackAlignment.swift in Sources */ = {isa = PBXBuildFile; fileRef = 46E8995A25D9F73B000C0783 /* ViewLayoutZStackAlignment.swift */; };
		46E8997825D9F73B000C0783 /* ViewLayoutVStackSpacer.swift in Sources */ = {isa = PBXBuildFile; fileRef = 46E8995B25D9F73B000C0783 /* ViewLayoutVStackSpacer.swift */; };
		46E8997925D9F73B000C0783 /* ViewsAndControlsSecureField.swift in Sources */ = {isa = PBXBuildFile; fileRef = 46E8995D25D9F73B000C0783 /* ViewsAndControlsSecureField.swift */; };
		46E8997A25D9F73B000C0783 /* ViewsAndControlsButtonII.swift in Sources */ = {isa = PBXBuildFile; fileRef = 46E8995E25D9F73B000C0783 /* ViewsAndControlsButtonII.swift */; };
		46E8997B25D9F73B000C0783 /* ViewsAndControlsButtonI.swift in Sources */ = {isa = PBXBuildFile; fileRef = 46E8995F25D9F73B000C0783 /* ViewsAndControlsButtonI.swift */; };
		46E8997C25D9F73B000C0783 /* ViewsAndControlsTextI.swift in Sources */ = {isa = PBXBuildFile; fileRef = 46E8996025D9F73B000C0783 /* ViewsAndControlsTextI.swift */; };
		46E8997D25D9F73B000C0783 /* ViewsAndControlsTextFieldII.swift in Sources */ = {isa = PBXBuildFile; fileRef = 46E8996125D9F73B000C0783 /* ViewsAndControlsTextFieldII.swift */; };
		46E8997E25D9F73B000C0783 /* ViewsAndControlsResizeableImage.swift in Sources */ = {isa = PBXBuildFile; fileRef = 46E8996225D9F73B000C0783 /* ViewsAndControlsResizeableImage.swift */; };
		46E8997F25D9F73B000C0783 /* ViewsAndControlsSFSymbol.swift in Sources */ = {isa = PBXBuildFile; fileRef = 46E8996325D9F73B000C0783 /* ViewsAndControlsSFSymbol.swift */; };
		46E8998025D9F73B000C0783 /* ViewsAndControlsTextII.swift in Sources */ = {isa = PBXBuildFile; fileRef = 46E8996425D9F73B000C0783 /* ViewsAndControlsTextII.swift */; };
		46E8998125D9F73B000C0783 /* ViewsAndControlsImage.swift in Sources */ = {isa = PBXBuildFile; fileRef = 46E8996525D9F73B000C0783 /* ViewsAndControlsImage.swift */; };
		46E8998225D9F73B000C0783 /* ViewsAndControlsTextFieldI.swift in Sources */ = {isa = PBXBuildFile; fileRef = 46E8996625D9F73B000C0783 /* ViewsAndControlsTextFieldI.swift */; };
		46E8998325D9F73B000C0783 /* ShapesEllipse.swift in Sources */ = {isa = PBXBuildFile; fileRef = 46E8996825D9F73B000C0783 /* ShapesEllipse.swift */; };
		46E8998425D9F73B000C0783 /* ShapesCapsule.swift in Sources */ = {isa = PBXBuildFile; fileRef = 46E8996925D9F73B000C0783 /* ShapesCapsule.swift */; };
		46E8998525D9F73B000C0783 /* ShapesRoundedRectangle.swift in Sources */ = {isa = PBXBuildFile; fileRef = 46E8996A25D9F73B000C0783 /* ShapesRoundedRectangle.swift */; };
		46E8998625D9F73B000C0783 /* ShapesCircle.swift in Sources */ = {isa = PBXBuildFile; fileRef = 46E8996B25D9F73B000C0783 /* ShapesCircle.swift */; };
		46E8998725D9F73B000C0783 /* ShapesRectangle.swift in Sources */ = {isa = PBXBuildFile; fileRef = 46E8996C25D9F73B000C0783 /* ShapesRectangle.swift */; };
/* End PBXBuildFile section */

/* Begin PBXFileReference section */
		46E8993125D9F157000C0783 /* SwiftUIBasics.app */ = {isa = PBXFileReference; explicitFileType = wrapper.application; includeInIndex = 0; path = SwiftUIBasics.app; sourceTree = BUILT_PRODUCTS_DIR; };
		46E8993425D9F157000C0783 /* SwiftUIBasicsApp.swift */ = {isa = PBXFileReference; lastKnownFileType = sourcecode.swift; path = SwiftUIBasicsApp.swift; sourceTree = "<group>"; };
		46E8993625D9F157000C0783 /* ContentView.swift */ = {isa = PBXFileReference; lastKnownFileType = sourcecode.swift; path = ContentView.swift; sourceTree = "<group>"; };
		46E8993825D9F158000C0783 /* Assets.xcassets */ = {isa = PBXFileReference; lastKnownFileType = folder.assetcatalog; path = Assets.xcassets; sourceTree = "<group>"; };
		46E8993B25D9F158000C0783 /* Preview Assets.xcassets */ = {isa = PBXFileReference; lastKnownFileType = folder.assetcatalog; path = "Preview Assets.xcassets"; sourceTree = "<group>"; };
		46E8993D25D9F158000C0783 /* Info.plist */ = {isa = PBXFileReference; lastKnownFileType = text.plist.xml; path = Info.plist; sourceTree = "<group>"; };
		46E8994425D9F1FA000C0783 /* LICENSE.txt */ = {isa = PBXFileReference; fileEncoding = 4; lastKnownFileType = text; path = LICENSE.txt; sourceTree = "<group>"; };
		46E8994525D9F1FA000C0783 /* README.md */ = {isa = PBXFileReference; fileEncoding = 4; lastKnownFileType = net.daringfireball.markdown; path = README.md; sourceTree = "<group>"; };
		46E8994A25D9F5D3000C0783 /* MyChartView.swift */ = {isa = PBXFileReference; lastKnownFileType = sourcecode.swift; path = MyChartView.swift; sourceTree = "<group>"; };
		46E8995025D9F73B000C0783 /* ViewLayoutScrollHorizontal.swift */ = {isa = PBXFileReference; fileEncoding = 4; lastKnownFileType = sourcecode.swift; path = ViewLayoutScrollHorizontal.swift; sourceTree = "<group>"; };
		46E8995125D9F73B000C0783 /* ViewLayoutVStack.swift */ = {isa = PBXFileReference; fileEncoding = 4; lastKnownFileType = sourcecode.swift; path = ViewLayoutVStack.swift; sourceTree = "<group>"; };
		46E8995225D9F73B000C0783 /* ViewLayoutList.swift */ = {isa = PBXFileReference; fileEncoding = 4; lastKnownFileType = sourcecode.swift; path = ViewLayoutList.swift; sourceTree = "<group>"; };
		46E8995325D9F73B000C0783 /* ViewLayoutHStack.swift */ = {isa = PBXFileReference; fileEncoding = 4; lastKnownFileType = sourcecode.swift; path = ViewLayoutHStack.swift; sourceTree = "<group>"; };
		46E8995425D9F73B000C0783 /* ViewLayoutScrollVertical.swift */ = {isa = PBXFileReference; fileEncoding = 4; lastKnownFileType = sourcecode.swift; path = ViewLayoutScrollVertical.swift; sourceTree = "<group>"; };
		46E8995525D9F73B000C0783 /* ViewLayoutGroup.swift */ = {isa = PBXFileReference; fileEncoding = 4; lastKnownFileType = sourcecode.swift; path = ViewLayoutGroup.swift; sourceTree = "<group>"; };
		46E8995625D9F73B000C0783 /* ViewLayoutZStackIgnore.swift */ = {isa = PBXFileReference; fileEncoding = 4; lastKnownFileType = sourcecode.swift; path = ViewLayoutZStackIgnore.swift; sourceTree = "<group>"; };
		46E8995725D9F73B000C0783 /* ViewLayoutHStackSpacer.swift */ = {isa = PBXFileReference; fileEncoding = 4; lastKnownFileType = sourcecode.swift; path = ViewLayoutHStackSpacer.swift; sourceTree = "<group>"; };
		46E8995825D9F73B000C0783 /* ViewLayoutForEach.swift */ = {isa = PBXFileReference; fileEncoding = 4; lastKnownFileType = sourcecode.swift; path = ViewLayoutForEach.swift; sourceTree = "<group>"; };
		46E8995925D9F73B000C0783 /* ViewLayoutZStack.swift */ = {isa = PBXFileReference; fileEncoding = 4; lastKnownFileType = sourcecode.swift; path = ViewLayoutZStack.swift; sourceTree = "<group>"; };
		46E8995A25D9F73B000C0783 /* ViewLayoutZStackAlignment.swift */ = {isa = PBXFileReference; fileEncoding = 4; lastKnownFileType = sourcecode.swift; path = ViewLayoutZStackAlignment.swift; sourceTree = "<group>"; };
		46E8995B25D9F73B000C0783 /* ViewLayoutVStackSpacer.swift */ = {isa = PBXFileReference; fileEncoding = 4; lastKnownFileType = sourcecode.swift; path = ViewLayoutVStackSpacer.swift; sourceTree = "<group>"; };
		46E8995D25D9F73B000C0783 /* ViewsAndControlsSecureField.swift */ = {isa = PBXFileReference; fileEncoding = 4; lastKnownFileType = sourcecode.swift; path = ViewsAndControlsSecureField.swift; sourceTree = "<group>"; };
		46E8995E25D9F73B000C0783 /* ViewsAndControlsButtonII.swift */ = {isa = PBXFileReference; fileEncoding = 4; lastKnownFileType = sourcecode.swift; path = ViewsAndControlsButtonII.swift; sourceTree = "<group>"; };
		46E8995F25D9F73B000C0783 /* ViewsAndControlsButtonI.swift */ = {isa = PBXFileReference; fileEncoding = 4; lastKnownFileType = sourcecode.swift; path = ViewsAndControlsButtonI.swift; sourceTree = "<group>"; };
		46E8996025D9F73B000C0783 /* ViewsAndControlsTextI.swift */ = {isa = PBXFileReference; fileEncoding = 4; lastKnownFileType = sourcecode.swift; path = ViewsAndControlsTextI.swift; sourceTree = "<group>"; };
		46E8996125D9F73B000C0783 /* ViewsAndControlsTextFieldII.swift */ = {isa = PBXFileReference; fileEncoding = 4; lastKnownFileType = sourcecode.swift; path = ViewsAndControlsTextFieldII.swift; sourceTree = "<group>"; };
		46E8996225D9F73B000C0783 /* ViewsAndControlsResizeableImage.swift */ = {isa = PBXFileReference; fileEncoding = 4; lastKnownFileType = sourcecode.swift; path = ViewsAndControlsResizeableImage.swift; sourceTree = "<group>"; };
		46E8996325D9F73B000C0783 /* ViewsAndControlsSFSymbol.swift */ = {isa = PBXFileReference; fileEncoding = 4; lastKnownFileType = sourcecode.swift; path = ViewsAndControlsSFSymbol.swift; sourceTree = "<group>"; };
		46E8996425D9F73B000C0783 /* ViewsAndControlsTextII.swift */ = {isa = PBXFileReference; fileEncoding = 4; lastKnownFileType = sourcecode.swift; path = ViewsAndControlsTextII.swift; sourceTree = "<group>"; };
		46E8996525D9F73B000C0783 /* ViewsAndControlsImage.swift */ = {isa = PBXFileReference; fileEncoding = 4; lastKnownFileType = sourcecode.swift; path = ViewsAndControlsImage.swift; sourceTree = "<group>"; };
		46E8996625D9F73B000C0783 /* ViewsAndControlsTextFieldI.swift */ = {isa = PBXFileReference; fileEncoding = 4; lastKnownFileType = sourcecode.swift; path = ViewsAndControlsTextFieldI.swift; sourceTree = "<group>"; };
		46E8996825D9F73B000C0783 /* ShapesEllipse.swift */ = {isa = PBXFileReference; fileEncoding = 4; lastKnownFileType = sourcecode.swift; path = ShapesEllipse.swift; sourceTree = "<group>"; };
		46E8996925D9F73B000C0783 /* ShapesCapsule.swift */ = {isa = PBXFileReference; fileEncoding = 4; lastKnownFileType = sourcecode.swift; path = ShapesCapsule.swift; sourceTree = "<group>"; };
		46E8996A25D9F73B000C0783 /* ShapesRoundedRectangle.swift */ = {isa = PBXFileReference; fileEncoding = 4; lastKnownFileType = sourcecode.swift; path = ShapesRoundedRectangle.swift; sourceTree = "<group>"; };
		46E8996B25D9F73B000C0783 /* ShapesCircle.swift */ = {isa = PBXFileReference; fileEncoding = 4; lastKnownFileType = sourcecode.swift; path = ShapesCircle.swift; sourceTree = "<group>"; };
		46E8996C25D9F73B000C0783 /* ShapesRectangle.swift */ = {isa = PBXFileReference; fileEncoding = 4; lastKnownFileType = sourcecode.swift; path = ShapesRectangle.swift; sourceTree = "<group>"; };
/* End PBXFileReference section */

/* Begin PBXFrameworksBuildPhase section */
		46E8992E25D9F157000C0783 /* Frameworks */ = {
			isa = PBXFrameworksBuildPhase;
			buildActionMask = 2147483647;
			files = (
			);
			runOnlyForDeploymentPostprocessing = 0;
		};
/* End PBXFrameworksBuildPhase section */

/* Begin PBXGroup section */
		46E8992825D9F157000C0783 = {
			isa = PBXGroup;
			children = (
				46E8994425D9F1FA000C0783 /* LICENSE.txt */,
				46E8994525D9F1FA000C0783 /* README.md */,
				46E8993325D9F157000C0783 /* SwiftUIBasics */,
				46E8993225D9F157000C0783 /* Products */,
			);
			sourceTree = "<group>";
		};
		46E8993225D9F157000C0783 /* Products */ = {
			isa = PBXGroup;
			children = (
				46E8993125D9F157000C0783 /* SwiftUIBasics.app */,
			);
			name = Products;
			sourceTree = "<group>";
		};
		46E8993325D9F157000C0783 /* SwiftUIBasics */ = {
			isa = PBXGroup;
			children = (
				46E8996725D9F73B000C0783 /* Shapes */,
				46E8994F25D9F73B000C0783 /* View Layout */,
				46E8995C25D9F73B000C0783 /* Views and Controls */,
				46E8993425D9F157000C0783 /* SwiftUIBasicsApp.swift */,
				46E8993625D9F157000C0783 /* ContentView.swift */,
				46E8994A25D9F5D3000C0783 /* MyChartView.swift */,
				46E8993825D9F158000C0783 /* Assets.xcassets */,
				46E8993D25D9F158000C0783 /* Info.plist */,
				46E8993A25D9F158000C0783 /* Preview Content */,
			);
			path = SwiftUIBasics;
			sourceTree = "<group>";
		};
		46E8993A25D9F158000C0783 /* Preview Content */ = {
			isa = PBXGroup;
			children = (
				46E8993B25D9F158000C0783 /* Preview Assets.xcassets */,
			);
			path = "Preview Content";
			sourceTree = "<group>";
		};
		46E8994F25D9F73B000C0783 /* View Layout */ = {
			isa = PBXGroup;
			children = (
				46E8995025D9F73B000C0783 /* ViewLayoutScrollHorizontal.swift */,
				46E8995125D9F73B000C0783 /* ViewLayoutVStack.swift */,
				46E8995225D9F73B000C0783 /* ViewLayoutList.swift */,
				46E8995325D9F73B000C0783 /* ViewLayoutHStack.swift */,
				46E8995425D9F73B000C0783 /* ViewLayoutScrollVertical.swift */,
				46E8995525D9F73B000C0783 /* ViewLayoutGroup.swift */,
				46E8995625D9F73B000C0783 /* ViewLayoutZStackIgnore.swift */,
				46E8995725D9F73B000C0783 /* ViewLayoutHStackSpacer.swift */,
				46E8995825D9F73B000C0783 /* ViewLayoutForEach.swift */,
				46E8995925D9F73B000C0783 /* ViewLayoutZStack.swift */,
				46E8995A25D9F73B000C0783 /* ViewLayoutZStackAlignment.swift */,
				46E8995B25D9F73B000C0783 /* ViewLayoutVStackSpacer.swift */,
			);
			path = "View Layout";
			sourceTree = "<group>";
		};
		46E8995C25D9F73B000C0783 /* Views and Controls */ = {
			isa = PBXGroup;
			children = (
				46E8995D25D9F73B000C0783 /* ViewsAndControlsSecureField.swift */,
				46E8995E25D9F73B000C0783 /* ViewsAndControlsButtonII.swift */,
				46E8995F25D9F73B000C0783 /* ViewsAndControlsButtonI.swift */,
				46E8996025D9F73B000C0783 /* ViewsAndControlsTextI.swift */,
				46E8996125D9F73B000C0783 /* ViewsAndControlsTextFieldII.swift */,
				46E8996225D9F73B000C0783 /* ViewsAndControlsResizeableImage.swift */,
				46E8996325D9F73B000C0783 /* ViewsAndControlsSFSymbol.swift */,
				46E8996425D9F73B000C0783 /* ViewsAndControlsTextII.swift */,
				46E8996525D9F73B000C0783 /* ViewsAndControlsImage.swift */,
				46E8996625D9F73B000C0783 /* ViewsAndControlsTextFieldI.swift */,
			);
			path = "Views and Controls";
			sourceTree = "<group>";
		};
		46E8996725D9F73B000C0783 /* Shapes */ = {
			isa = PBXGroup;
			children = (
				46E8996825D9F73B000C0783 /* ShapesEllipse.swift */,
				46E8996925D9F73B000C0783 /* ShapesCapsule.swift */,
				46E8996A25D9F73B000C0783 /* ShapesRoundedRectangle.swift */,
				46E8996B25D9F73B000C0783 /* ShapesCircle.swift */,
				46E8996C25D9F73B000C0783 /* ShapesRectangle.swift */,
			);
			path = Shapes;
			sourceTree = "<group>";
		};
/* End PBXGroup section */

/* Begin PBXNativeTarget section */
		46E8993025D9F157000C0783 /* SwiftUIBasics */ = {
			isa = PBXNativeTarget;
			buildConfigurationList = 46E8994025D9F158000C0783 /* Build configuration list for PBXNativeTarget "SwiftUIBasics" */;
			buildPhases = (
				46E8992D25D9F157000C0783 /* Sources */,
				46E8992E25D9F157000C0783 /* Frameworks */,
				46E8992F25D9F157000C0783 /* Resources */,
			);
			buildRules = (
			);
			dependencies = (
			);
			name = SwiftUIBasics;
			productName = SwiftUIBasics;
			productReference = 46E8993125D9F157000C0783 /* SwiftUIBasics.app */;
			productType = "com.apple.product-type.application";
		};
/* End PBXNativeTarget section */

/* Begin PBXProject section */
		46E8992925D9F157000C0783 /* Project object */ = {
			isa = PBXProject;
			attributes = {
				LastSwiftUpdateCheck = 1240;
				LastUpgradeCheck = 1240;
				TargetAttributes = {
					46E8993025D9F157000C0783 = {
						CreatedOnToolsVersion = 12.4;
					};
				};
			};
			buildConfigurationList = 46E8992C25D9F157000C0783 /* Build configuration list for PBXProject "SwiftUIBasics" */;
			compatibilityVersion = "Xcode 9.3";
			developmentRegion = en;
			hasScannedForEncodings = 0;
			knownRegions = (
				en,
				Base,
			);
			mainGroup = 46E8992825D9F157000C0783;
			productRefGroup = 46E8993225D9F157000C0783 /* Products */;
			projectDirPath = "";
			projectRoot = "";
			targets = (
				46E8993025D9F157000C0783 /* SwiftUIBasics */,
			);
		};
/* End PBXProject section */

/* Begin PBXResourcesBuildPhase section */
		46E8992F25D9F157000C0783 /* Resources */ = {
			isa = PBXResourcesBuildPhase;
			buildActionMask = 2147483647;
			files = (
				46E8994625D9F1FA000C0783 /* LICENSE.txt in Resources */,
				46E8993C25D9F158000C0783 /* Preview Assets.xcassets in Resources */,
				46E8994725D9F1FA000C0783 /* README.md in Resources */,
				46E8993925D9F158000C0783 /* Assets.xcassets in Resources */,
			);
			runOnlyForDeploymentPostprocessing = 0;
		};
/* End PBXResourcesBuildPhase section */

/* Begin PBXSourcesBuildPhase section */
		46E8992D25D9F157000C0783 /* Sources */ = {
			isa = PBXSourcesBuildPhase;
			buildActionMask = 2147483647;
			files = (
				46E8997D25D9F73B000C0783 /* ViewsAndControlsTextFieldII.swift in Sources */,
				46E8998525D9F73B000C0783 /* ShapesRoundedRectangle.swift in Sources */,
				46E8997725D9F73B000C0783 /* ViewLayoutZStackAlignment.swift in Sources */,
				46E8996F25D9F73B000C0783 /* ViewLayoutList.swift in Sources */,
				46E8997C25D9F73B000C0783 /* ViewsAndControlsTextI.swift in Sources */,
				46E8994B25D9F5D3000C0783 /* MyChartView.swift in Sources */,
				46E8997025D9F73B000C0783 /* ViewLayoutHStack.swift in Sources */,
				46E8997B25D9F73B000C0783 /* ViewsAndControlsButtonI.swift in Sources */,
				46E8997925D9F73B000C0783 /* ViewsAndControlsSecureField.swift in Sources */,
				46E8998425D9F73B000C0783 /* ShapesCapsule.swift in Sources */,
				46E8998625D9F73B000C0783 /* ShapesCircle.swift in Sources */,
				46E8997A25D9F73B000C0783 /* ViewsAndControlsButtonII.swift in Sources */,
				46E8997525D9F73B000C0783 /* ViewLayoutForEach.swift in Sources */,
				46E8997125D9F73B000C0783 /* ViewLayoutScrollVertical.swift in Sources */,
				46E8993725D9F157000C0783 /* ContentView.swift in Sources */,
				46E8997625D9F73B000C0783 /* ViewLayoutZStack.swift in Sources */,
				46E8997F25D9F73B000C0783 /* ViewsAndControlsSFSymbol.swift in Sources */,
				46E8998125D9F73B000C0783 /* ViewsAndControlsImage.swift in Sources */,
				46E8997825D9F73B000C0783 /* ViewLayoutVStackSpacer.swift in Sources */,
				46E8998325D9F73B000C0783 /* ShapesEllipse.swift in Sources */,
				46E8996D25D9F73B000C0783 /* ViewLayoutScrollHorizontal.swift in Sources */,
				46E8998025D9F73B000C0783 /* ViewsAndControlsTextII.swift in Sources */,
				46E8993525D9F157000C0783 /* SwiftUIBasicsApp.swift in Sources */,
				46E8996E25D9F73B000C0783 /* ViewLayoutVStack.swift in Sources */,
				46E8998225D9F73B000C0783 /* ViewsAndControlsTextFieldI.swift in Sources */,
				46E8997325D9F73B000C0783 /* ViewLayoutZStackIgnore.swift in Sources */,
				46E8997225D9F73B000C0783 /* ViewLayoutGroup.swift in Sources */,
				46E8997E25D9F73B000C0783 /* ViewsAndControlsResizeableImage.swift in Sources */,
				46E8997425D9F73B000C0783 /* ViewLayoutHStackSpacer.swift in Sources */,
				46E8998725D9F73B000C0783 /* ShapesRectangle.swift in Sources */,
			);
			runOnlyForDeploymentPostprocessing = 0;
		};
/* End PBXSourcesBuildPhase section */

/* Begin XCBuildConfiguration section */
		46E8993E25D9F158000C0783 /* Debug */ = {
			isa = XCBuildConfiguration;
			buildSettings = {
				ALWAYS_SEARCH_USER_PATHS = NO;
				CLANG_ANALYZER_NONNULL = YES;
				CLANG_ANALYZER_NUMBER_OBJECT_CONVERSION = YES_AGGRESSIVE;
				CLANG_CXX_LANGUAGE_STANDARD = "gnu++14";
				CLANG_CXX_LIBRARY = "libc++";
				CLANG_ENABLE_MODULES = YES;
				CLANG_ENABLE_OBJC_ARC = YES;
				CLANG_ENABLE_OBJC_WEAK = YES;
				CLANG_WARN_BLOCK_CAPTURE_AUTORELEASING = YES;
				CLANG_WARN_BOOL_CONVERSION = YES;
				CLANG_WARN_COMMA = YES;
				CLANG_WARN_CONSTANT_CONVERSION = YES;
				CLANG_WARN_DEPRECATED_OBJC_IMPLEMENTATIONS = YES;
				CLANG_WARN_DIRECT_OBJC_ISA_USAGE = YES_ERROR;
				CLANG_WARN_DOCUMENTATION_COMMENTS = YES;
				CLANG_WARN_EMPTY_BODY = YES;
				CLANG_WARN_ENUM_CONVERSION = YES;
				CLANG_WARN_INFINITE_RECURSION = YES;
				CLANG_WARN_INT_CONVERSION = YES;
				CLANG_WARN_NON_LITERAL_NULL_CONVERSION = YES;
				CLANG_WARN_OBJC_IMPLICIT_RETAIN_SELF = YES;
				CLANG_WARN_OBJC_LITERAL_CONVERSION = YES;
				CLANG_WARN_OBJC_ROOT_CLASS = YES_ERROR;
				CLANG_WARN_QUOTED_INCLUDE_IN_FRAMEWORK_HEADER = YES;
				CLANG_WARN_RANGE_LOOP_ANALYSIS = YES;
				CLANG_WARN_STRICT_PROTOTYPES = YES;
				CLANG_WARN_SUSPICIOUS_MOVE = YES;
				CLANG_WARN_UNGUARDED_AVAILABILITY = YES_AGGRESSIVE;
				CLANG_WARN_UNREACHABLE_CODE = YES;
				CLANG_WARN__DUPLICATE_METHOD_MATCH = YES;
				COPY_PHASE_STRIP = NO;
				DEBUG_INFORMATION_FORMAT = dwarf;
				ENABLE_STRICT_OBJC_MSGSEND = YES;
				ENABLE_TESTABILITY = YES;
				GCC_C_LANGUAGE_STANDARD = gnu11;
				GCC_DYNAMIC_NO_PIC = NO;
				GCC_NO_COMMON_BLOCKS = YES;
				GCC_OPTIMIZATION_LEVEL = 0;
				GCC_PREPROCESSOR_DEFINITIONS = (
					"DEBUG=1",
					"$(inherited)",
				);
				GCC_WARN_64_TO_32_BIT_CONVERSION = YES;
				GCC_WARN_ABOUT_RETURN_TYPE = YES_ERROR;
				GCC_WARN_UNDECLARED_SELECTOR = YES;
				GCC_WARN_UNINITIALIZED_AUTOS = YES_AGGRESSIVE;
				GCC_WARN_UNUSED_FUNCTION = YES;
				GCC_WARN_UNUSED_VARIABLE = YES;
				IPHONEOS_DEPLOYMENT_TARGET = 14.4;
				MTL_ENABLE_DEBUG_INFO = INCLUDE_SOURCE;
				MTL_FAST_MATH = YES;
				ONLY_ACTIVE_ARCH = YES;
				SDKROOT = iphoneos;
				SWIFT_ACTIVE_COMPILATION_CONDITIONS = DEBUG;
				SWIFT_OPTIMIZATION_LEVEL = "-Onone";
			};
			name = Debug;
		};
		46E8993F25D9F158000C0783 /* Release */ = {
			isa = XCBuildConfiguration;
			buildSettings = {
				ALWAYS_SEARCH_USER_PATHS = NO;
				CLANG_ANALYZER_NONNULL = YES;
				CLANG_ANALYZER_NUMBER_OBJECT_CONVERSION = YES_AGGRESSIVE;
				CLANG_CXX_LANGUAGE_STANDARD = "gnu++14";
				CLANG_CXX_LIBRARY = "libc++";
				CLANG_ENABLE_MODULES = YES;
				CLANG_ENABLE_OBJC_ARC = YES;
				CLANG_ENABLE_OBJC_WEAK = YES;
				CLANG_WARN_BLOCK_CAPTURE_AUTORELEASING = YES;
				CLANG_WARN_BOOL_CONVERSION = YES;
				CLANG_WARN_COMMA = YES;
				CLANG_WARN_CONSTANT_CONVERSION = YES;
				CLANG_WARN_DEPRECATED_OBJC_IMPLEMENTATIONS = YES;
				CLANG_WARN_DIRECT_OBJC_ISA_USAGE = YES_ERROR;
				CLANG_WARN_DOCUMENTATION_COMMENTS = YES;
				CLANG_WARN_EMPTY_BODY = YES;
				CLANG_WARN_ENUM_CONVERSION = YES;
				CLANG_WARN_INFINITE_RECURSION = YES;
				CLANG_WARN_INT_CONVERSION = YES;
				CLANG_WARN_NON_LITERAL_NULL_CONVERSION = YES;
				CLANG_WARN_OBJC_IMPLICIT_RETAIN_SELF = YES;
				CLANG_WARN_OBJC_LITERAL_CONVERSION = YES;
				CLANG_WARN_OBJC_ROOT_CLASS = YES_ERROR;
				CLANG_WARN_QUOTED_INCLUDE_IN_FRAMEWORK_HEADER = YES;
				CLANG_WARN_RANGE_LOOP_ANALYSIS = YES;
				CLANG_WARN_STRICT_PROTOTYPES = YES;
				CLANG_WARN_SUSPICIOUS_MOVE = YES;
				CLANG_WARN_UNGUARDED_AVAILABILITY = YES_AGGRESSIVE;
				CLANG_WARN_UNREACHABLE_CODE = YES;
				CLANG_WARN__DUPLICATE_METHOD_MATCH = YES;
				COPY_PHASE_STRIP = NO;
				DEBUG_INFORMATION_FORMAT = "dwarf-with-dsym";
				ENABLE_NS_ASSERTIONS = NO;
				ENABLE_STRICT_OBJC_MSGSEND = YES;
				GCC_C_LANGUAGE_STANDARD = gnu11;
				GCC_NO_COMMON_BLOCKS = YES;
				GCC_WARN_64_TO_32_BIT_CONVERSION = YES;
				GCC_WARN_ABOUT_RETURN_TYPE = YES_ERROR;
				GCC_WARN_UNDECLARED_SELECTOR = YES;
				GCC_WARN_UNINITIALIZED_AUTOS = YES_AGGRESSIVE;
				GCC_WARN_UNUSED_FUNCTION = YES;
				GCC_WARN_UNUSED_VARIABLE = YES;
				IPHONEOS_DEPLOYMENT_TARGET = 14.4;
				MTL_ENABLE_DEBUG_INFO = NO;
				MTL_FAST_MATH = YES;
				SDKROOT = iphoneos;
				SWIFT_COMPILATION_MODE = wholemodule;
				SWIFT_OPTIMIZATION_LEVEL = "-O";
				VALIDATE_PRODUCT = YES;
			};
			name = Release;
		};
		46E8994125D9F158000C0783 /* Debug */ = {
			isa = XCBuildConfiguration;
			buildSettings = {
				ASSETCATALOG_COMPILER_APPICON_NAME = AppIcon;
				ASSETCATALOG_COMPILER_GLOBAL_ACCENT_COLOR_NAME = AccentColor;
				CODE_SIGN_STYLE = Automatic;
				DEVELOPMENT_ASSET_PATHS = "\"SwiftUIBasics/Preview Content\"";
				DEVELOPMENT_TEAM = 567K2BW2V9;
				ENABLE_PREVIEWS = YES;
				INFOPLIST_FILE = SwiftUIBasics/Info.plist;
				IPHONEOS_DEPLOYMENT_TARGET = 14.0;
				LD_RUNPATH_SEARCH_PATHS = (
					"$(inherited)",
					"@executable_path/Frameworks",
				);
				PRODUCT_BUNDLE_IDENTIFIER = com.studentool.ios.SwiftUIBasics;
				PRODUCT_NAME = "$(TARGET_NAME)";
				SWIFT_VERSION = 5.0;
				TARGETED_DEVICE_FAMILY = "1,2";
			};
			name = Debug;
		};
		46E8994225D9F158000C0783 /* Release */ = {
			isa = XCBuildConfiguration;
			buildSettings = {
				ASSETCATALOG_COMPILER_APPICON_NAME = AppIcon;
				ASSETCATALOG_COMPILER_GLOBAL_ACCENT_COLOR_NAME = AccentColor;
				CODE_SIGN_STYLE = Automatic;
				DEVELOPMENT_ASSET_PATHS = "\"SwiftUIBasics/Preview Content\"";
				DEVELOPMENT_TEAM = 567K2BW2V9;
				ENABLE_PREVIEWS = YES;
				INFOPLIST_FILE = SwiftUIBasics/Info.plist;
				IPHONEOS_DEPLOYMENT_TARGET = 14.0;
				LD_RUNPATH_SEARCH_PATHS = (
					"$(inherited)",
					"@executable_path/Frameworks",
				);
				PRODUCT_BUNDLE_IDENTIFIER = com.studentool.ios.SwiftUIBasics;
				PRODUCT_NAME = "$(TARGET_NAME)";
				SWIFT_VERSION = 5.0;
				TARGETED_DEVICE_FAMILY = "1,2";
			};
			name = Release;
		};
/* End XCBuildConfiguration section */

/* Begin XCConfigurationList section */
		46E8992C25D9F157000C0783 /* Build configuration list for PBXProject "SwiftUIBasics" */ = {
			isa = XCConfigurationList;
			buildConfigurations = (
				46E8993E25D9F158000C0783 /* Debug */,
				46E8993F25D9F158000C0783 /* Release */,
			);
			defaultConfigurationIsVisible = 0;
			defaultConfigurationName = Release;
		};
		46E8994025D9F158000C0783 /* Build configuration list for PBXNativeTarget "SwiftUIBasics" */ = {
			isa = XCConfigurationList;
			buildConfigurations = (
				46E8994125D9F158000C0783 /* Debug */,
				46E8994225D9F158000C0783 /* Release */,
			);
			defaultConfigurationIsVisible = 0;
			defaultConfigurationName = Release;
		};
/* End XCConfigurationList section */
	};
	rootObject = 46E8992925D9F157000C0783 /* Project object */;
}
